Microsoft Visual Studio Solution File, Format Version 11.00
# Visual Studio 2008

Project("{EADCCBBC-CC25-E80B-CDB3-1E3D97D13A8F}") = "CS_History", "Assembly-CSharp.csproj", "{EC2B2083-C7D2-93AC-D263-37A338590D72}"
EndProject
Project("{EADCCBBC-CC25-E80B-CDB3-1E3D97D13A8F}") = "CS_History", "Assembly-CSharp-Editor.csproj", "{EE561212-23B0-F5E4-7681-27A67EE77542}"
EndProject
Global
	GlobalSection(SolutionConfigurationPlatforms) = preSolution
		Debug|Any CPU = Debug|Any CPU
		Release|Any CPU = Release|Any CPU
	EndGlobalSection
	GlobalSection(ProjectConfigurationPlatforms) = postSolution
		{EC2B2083-C7D2-93AC-D263-37A338590D72}.Debug|Any CPU.ActiveCfg = Debug|Any CPU
		{EC2B2083-C7D2-93AC-D263-37A338590D72}.Debug|Any CPU.Build.0 = Debug|Any CPU
		{EC2B2083-C7D2-93AC-D263-37A338590D72}.Release|Any CPU.ActiveCfg = Release|Any CPU
		{EC2B2083-C7D2-93AC-D263-37A338590D72}.Release|Any CPU.Build.0 = Release|Any CPU
		{EE561212-23B0-F5E4-7681-27A67EE77542}.Debug|Any CPU.ActiveCfg = Debug|Any CPU
		{EE561212-23B0-F5E4-7681-27A67EE77542}.Debug|Any CPU.Build.0 = Debug|Any CPU
		{EE561212-23B0-F5E4-7681-27A67EE77542}.Release|Any CPU.ActiveCfg = Release|Any CPU
		{EE561212-23B0-F5E4-7681-27A67EE77542}.Release|Any CPU.Build.0 = Release|Any CPU
	EndGlobalSection
	GlobalSection(SolutionProperties) = preSolution
		HideSolutionNode = FALSE
	EndGlobalSection
																																																																																																																																																																																																																	GlobalSection(MonoDevelopProperties) = preSolution
		StartupItem = Assembly-CSharp.csproj
		Policies = $0
		$0.TextStylePolicy = $1
		$1.inheritsSet = VisualStudio
		$1.inheritsScope = text/plain
		$1.scope = text/x-csharp
		$0.CSharpFormattingPolicy = $2
		$2.IndentSwitchBody = True
		$2.AnonymousMethodBraceStyle = NextLine
		$2.PropertyBraceStyle = NextLine
		$2.PropertyGetBraceStyle = NextLine
		$2.PropertySetBraceStyle = NextLine
		$2.EventBraceStyle = NextLine
		$2.EventAddBraceStyle = NextLine
		$2.EventRemoveBraceStyle = NextLine
		$2.StatementBraceStyle = NextLine
		$2.ArrayInitializerBraceStyle = NextLine
		$2.BeforeMethodDeclarationParentheses = False
		$2.BeforeMethodCallParentheses = False
		$2.BeforeConstructorDeclarationParentheses = False
		$2.BeforeDelegateDeclarationParentheses = False
		$2.NewParentheses = False
		$2.inheritsSet = Mono
		$2.inheritsScope = text/x-csharp
		$2.scope = text/x-csharp
		$0.TextStylePolicy = $3
		$3.FileWidth = 120
		$3.TabWidth = 4
		$3.EolMarker = Unix
		$3.inheritsSet = Mono
		$3.inheritsScope = text/plain
		$3.scope = text/plain
	EndGlobalSection

EndGlobal
